
Microsoft Visual Studio Solution File, Format Version 12.00
# Visual Studio 15
VisualStudioVersion = 15.0.28307.329
MinimumVisualStudioVersion = 10.0.40219.1
Project("{FAE04EC0-301F-11D3-BF4B-00C04F79EFBC}") = "ExtensiveMethods", "Exercises1stWeek\ExtensiveMethods.csproj", "{50885AC1-FA02-4F01-9539-66B7B9FC0454}"
EndProject
Project("{2150E333-8FDC-42A3-9474-1A3956D46DE8}") = "ExtensiveMethods", "ExtensiveMethods", "{CC3C26E7-23D8-4B75-A908-1BB504EC17AC}"
EndProject

Project("{2150E333-8FDC-42A3-9474-1A3956D46DE8}") = "BoxingAndUnboxing", "BoxingAndUnboxing", "{26B2F2D4-72EE-41C4-8CEB-6F414F3A4CEA}"
EndProject
Project("{FAE04EC0-301F-11D3-BF4B-00C04F79EFBC}") = "BoxingAndUnboxing", "BoxingAndUnboxing\BoxingAndUnboxing.csproj", "{02918B41-153C-4C5B-B1EC-94F754FA9351}"
EndProject

Global
	GlobalSection(SolutionConfigurationPlatforms) = preSolution
		Debug|Any CPU = Debug|Any CPU
		Release|Any CPU = Release|Any CPU
	EndGlobalSection
	GlobalSection(ProjectConfigurationPlatforms) = postSolution
		{50885AC1-FA02-4F01-9539-66B7B9FC0454}.Debug|Any CPU.ActiveCfg = Debug|Any CPU
		{50885AC1-FA02-4F01-9539-66B7B9FC0454}.Debug|Any CPU.Build.0 = Debug|Any CPU
		{50885AC1-FA02-4F01-9539-66B7B9FC0454}.Release|Any CPU.ActiveCfg = Release|Any CPU
		{50885AC1-FA02-4F01-9539-66B7B9FC0454}.Release|Any CPU.Build.0 = Release|Any CPU

		{02918B41-153C-4C5B-B1EC-94F754FA9351}.Debug|Any CPU.ActiveCfg = Debug|Any CPU
		{02918B41-153C-4C5B-B1EC-94F754FA9351}.Debug|Any CPU.Build.0 = Debug|Any CPU
		{02918B41-153C-4C5B-B1EC-94F754FA9351}.Release|Any CPU.ActiveCfg = Release|Any CPU
		{02918B41-153C-4C5B-B1EC-94F754FA9351}.Release|Any CPU.Build.0 = Release|Any CPU

	EndGlobalSection
	GlobalSection(SolutionProperties) = preSolution
		HideSolutionNode = FALSE
	EndGlobalSection
	GlobalSection(NestedProjects) = preSolution
		{50885AC1-FA02-4F01-9539-66B7B9FC0454} = {CC3C26E7-23D8-4B75-A908-1BB504EC17AC}
		{02918B41-153C-4C5B-B1EC-94F754FA9351} = {26B2F2D4-72EE-41C4-8CEB-6F414F3A4CEA}
	EndGlobalSection
	GlobalSection(ExtensibilityGlobals) = postSolution
		SolutionGuid = {8C2A3448-1442-4B96-8E89-ED049A0A386A}
	EndGlobalSection
EndGlobal
